// !$*UTF8*$!
{
	archiveVersion = 1;
	classes = {
	};
	objectVersion = 56;
	objects = {

/* Begin PBXBuildFile section */
		A004EAB02B65720B00C5C325 /* ActionButton.swift in Sources */ = {isa = PBXBuildFile; fileRef = A004EAAF2B65720B00C5C325 /* ActionButton.swift */; };
		A00BF0DE2B81202E00EA8E89 /* Launch Screen.storyboard in Resources */ = {isa = PBXBuildFile; fileRef = A08168C72B811DBE008CDCD6 /* Launch Screen.storyboard */; };
		A04F64902B8A437B00A50B0B /* HomeView.swift in Sources */ = {isa = PBXBuildFile; fileRef = A04F648F2B8A437B00A50B0B /* HomeView.swift */; };
		A04F64912B8A437B00A50B0B /* HomeView.swift in Sources */ = {isa = PBXBuildFile; fileRef = A04F648F2B8A437B00A50B0B /* HomeView.swift */; };
		A04F64942B8A45DA00A50B0B /* HeaderHomeView.swift in Sources */ = {isa = PBXBuildFile; fileRef = A04F64932B8A45DA00A50B0B /* HeaderHomeView.swift */; };
		A04F64952B8A45DA00A50B0B /* HeaderHomeView.swift in Sources */ = {isa = PBXBuildFile; fileRef = A04F64932B8A45DA00A50B0B /* HeaderHomeView.swift */; };
		A064D5672B52E5FB00D80B8E /* Colors.swift in Sources */ = {isa = PBXBuildFile; fileRef = A064D5662B52E5FB00D80B8E /* Colors.swift */; };
		A064D5692B52E8A800D80B8E /* HelpView.swift in Sources */ = {isa = PBXBuildFile; fileRef = A064D5682B52E8A800D80B8E /* HelpView.swift */; };
		A064D56B2B52E96100D80B8E /* help.md in Resources */ = {isa = PBXBuildFile; fileRef = A064D56A2B52E96100D80B8E /* help.md */; };
		A064D56E2B52ED9400D80B8E /* MarkdownUI in Frameworks */ = {isa = PBXBuildFile; productRef = A064D56D2B52ED9400D80B8E /* MarkdownUI */; };
		A08168A32B8117AF008CDCD6 /* ProfileListView.swift in Sources */ = {isa = PBXBuildFile; fileRef = A0E961092AF69D19002C202A /* ProfileListView.swift */; };
		A08168A42B8117AF008CDCD6 /* HelpView.swift in Sources */ = {isa = PBXBuildFile; fileRef = A064D5682B52E8A800D80B8E /* HelpView.swift */; };
		A08168A52B8117AF008CDCD6 /* Colors.swift in Sources */ = {isa = PBXBuildFile; fileRef = A064D5662B52E5FB00D80B8E /* Colors.swift */; };
		A08168A62B8117AF008CDCD6 /* ProfileFieldRow.swift in Sources */ = {isa = PBXBuildFile; fileRef = A0E9610C2AF69D19002C202A /* ProfileFieldRow.swift */; };
		A08168A72B8117AF008CDCD6 /* ReadSectionView.swift in Sources */ = {isa = PBXBuildFile; fileRef = A0A1C4F92B6E9F2F00F68D2C /* ReadSectionView.swift */; };
		A08168A82B8117AF008CDCD6 /* SIoPApp.swift in Sources */ = {isa = PBXBuildFile; fileRef = A0E960DC2AF69CE6002C202A /* SIoPApp.swift */; };
		A08168A92B8117AF008CDCD6 /* WriteProfileView.swift in Sources */ = {isa = PBXBuildFile; fileRef = A0E9610B2AF69D19002C202A /* WriteProfileView.swift */; };
		A08168AA2B8117AF008CDCD6 /* ProfileRow.swift in Sources */ = {isa = PBXBuildFile; fileRef = A0E9610D2AF69D19002C202A /* ProfileRow.swift */; };
		A08168AB2B8117AF008CDCD6 /* ReadMessageView.swift in Sources */ = {isa = PBXBuildFile; fileRef = A0A1C4FD2B6EB14D00F68D2C /* ReadMessageView.swift */; };
		A08168AC2B8117AF008CDCD6 /* WriteProfileModel.swift in Sources */ = {isa = PBXBuildFile; fileRef = A0E961182AF6A1E3002C202A /* WriteProfileModel.swift */; };
		A08168AD2B8117AF008CDCD6 /* TagReader.swift in Sources */ = {isa = PBXBuildFile; fileRef = A0A1C4FB2B6EA5C100F68D2C /* TagReader.swift */; };
		A08168AE2B8117AF008CDCD6 /* WriteProfileButtonRow.swift in Sources */ = {isa = PBXBuildFile; fileRef = A0E9610E2AF69D19002C202A /* WriteProfileButtonRow.swift */; };
		A08168AF2B8117AF008CDCD6 /* Profile.swift in Sources */ = {isa = PBXBuildFile; fileRef = A0E961062AF69D19002C202A /* Profile.swift */; };
		A08168B02B8117AF008CDCD6 /* ProfileField.swift in Sources */ = {isa = PBXBuildFile; fileRef = A0E9611A2AF6A21F002C202A /* ProfileField.swift */; };
		A08168B12B8117AF008CDCD6 /* ProfileTagWriter.swift in Sources */ = {isa = PBXBuildFile; fileRef = A0E961072AF69D19002C202A /* ProfileTagWriter.swift */; };
		A08168B32B8117AF008CDCD6 /* ActionButton.swift in Sources */ = {isa = PBXBuildFile; fileRef = A004EAAF2B65720B00C5C325 /* ActionButton.swift */; };
		A08168B52B8117AF008CDCD6 /* MarkdownUI in Frameworks */ = {isa = PBXBuildFile; productRef = A08168A02B8117AF008CDCD6 /* MarkdownUI */; };
		A08168B72B8117AF008CDCD6 /* Preview Assets.xcassets in Resources */ = {isa = PBXBuildFile; fileRef = A0E960E32AF69CE7002C202A /* Preview Assets.xcassets */; };
		A08168BB2B8117AF008CDCD6 /* help.md in Resources */ = {isa = PBXBuildFile; fileRef = A064D56A2B52E96100D80B8E /* help.md */; };
		A08168C52B811CC0008CDCD6 /* profiles.json in Resources */ = {isa = PBXBuildFile; fileRef = A08168C32B811CC0008CDCD6 /* profiles.json */; };
		A08168C62B811CC0008CDCD6 /* Assets.xcassets in Resources */ = {isa = PBXBuildFile; fileRef = A08168C42B811CC0008CDCD6 /* Assets.xcassets */; };
		A08168C92B811DC4008CDCD6 /* Launch Screen.storyboard in Resources */ = {isa = PBXBuildFile; fileRef = A064D56F2B52FA2000D80B8E /* Launch Screen.storyboard */; };
		A0A1C4FA2B6E9F2F00F68D2C /* ReadSectionView.swift in Sources */ = {isa = PBXBuildFile; fileRef = A0A1C4F92B6E9F2F00F68D2C /* ReadSectionView.swift */; };
		A0A1C4FC2B6EA5C100F68D2C /* TagReader.swift in Sources */ = {isa = PBXBuildFile; fileRef = A0A1C4FB2B6EA5C100F68D2C /* TagReader.swift */; };
		A0A1C4FE2B6EB14D00F68D2C /* ReadMessageView.swift in Sources */ = {isa = PBXBuildFile; fileRef = A0A1C4FD2B6EB14D00F68D2C /* ReadMessageView.swift */; };
		A0A4252A2B2DF31500573DB6 /* profiles.json in Resources */ = {isa = PBXBuildFile; fileRef = A0A425292B2DF31500573DB6 /* profiles.json */; };
		A0BB6F5D2B8A5DB200A75FF3 /* HomeViewModel.swift in Sources */ = {isa = PBXBuildFile; fileRef = A0BB6F5C2B8A5DB200A75FF3 /* HomeViewModel.swift */; };
		A0BB6F5E2B8A5DB200A75FF3 /* HomeViewModel.swift in Sources */ = {isa = PBXBuildFile; fileRef = A0BB6F5C2B8A5DB200A75FF3 /* HomeViewModel.swift */; };
		A0BB6F602B8A63D300A75FF3 /* ProfileListViewModel.swift in Sources */ = {isa = PBXBuildFile; fileRef = A0BB6F5F2B8A63D300A75FF3 /* ProfileListViewModel.swift */; };
		A0BB6F612B8A63D300A75FF3 /* ProfileListViewModel.swift in Sources */ = {isa = PBXBuildFile; fileRef = A0BB6F5F2B8A63D300A75FF3 /* ProfileListViewModel.swift */; };
		A0E960DD2AF69CE6002C202A /* SIoPApp.swift in Sources */ = {isa = PBXBuildFile; fileRef = A0E960DC2AF69CE6002C202A /* SIoPApp.swift */; };
		A0E960E12AF69CE7002C202A /* Assets.xcassets in Resources */ = {isa = PBXBuildFile; fileRef = A0E960E02AF69CE7002C202A /* Assets.xcassets */; };
		A0E960E42AF69CE7002C202A /* Preview Assets.xcassets in Resources */ = {isa = PBXBuildFile; fileRef = A0E960E32AF69CE7002C202A /* Preview Assets.xcassets */; };
		A0E960EE2AF69CE7002C202A /* SIoPTests.swift in Sources */ = {isa = PBXBuildFile; fileRef = A0E960ED2AF69CE7002C202A /* SIoPTests.swift */; };
		A0E960F82AF69CE7002C202A /* SIoPUITests.swift in Sources */ = {isa = PBXBuildFile; fileRef = A0E960F72AF69CE7002C202A /* SIoPUITests.swift */; };
		A0E960FA2AF69CE7002C202A /* SIoPUITestsLaunchTests.swift in Sources */ = {isa = PBXBuildFile; fileRef = A0E960F92AF69CE7002C202A /* SIoPUITestsLaunchTests.swift */; };
		A0E9610F2AF69D19002C202A /* Profile.swift in Sources */ = {isa = PBXBuildFile; fileRef = A0E961062AF69D19002C202A /* Profile.swift */; };
		A0E961102AF69D19002C202A /* ProfileTagWriter.swift in Sources */ = {isa = PBXBuildFile; fileRef = A0E961072AF69D19002C202A /* ProfileTagWriter.swift */; };
		A0E961122AF69D19002C202A /* ProfileListView.swift in Sources */ = {isa = PBXBuildFile; fileRef = A0E961092AF69D19002C202A /* ProfileListView.swift */; };
		A0E961132AF69D19002C202A /* WriteProfileView.swift in Sources */ = {isa = PBXBuildFile; fileRef = A0E9610B2AF69D19002C202A /* WriteProfileView.swift */; };
		A0E961142AF69D19002C202A /* ProfileFieldRow.swift in Sources */ = {isa = PBXBuildFile; fileRef = A0E9610C2AF69D19002C202A /* ProfileFieldRow.swift */; };
		A0E961152AF69D19002C202A /* ProfileRow.swift in Sources */ = {isa = PBXBuildFile; fileRef = A0E9610D2AF69D19002C202A /* ProfileRow.swift */; };
		A0E961162AF69D19002C202A /* WriteProfileButtonRow.swift in Sources */ = {isa = PBXBuildFile; fileRef = A0E9610E2AF69D19002C202A /* WriteProfileButtonRow.swift */; };
		A0E961192AF6A1E3002C202A /* WriteProfileModel.swift in Sources */ = {isa = PBXBuildFile; fileRef = A0E961182AF6A1E3002C202A /* WriteProfileModel.swift */; };
		A0E9611B2AF6A21F002C202A /* ProfileField.swift in Sources */ = {isa = PBXBuildFile; fileRef = A0E9611A2AF6A21F002C202A /* ProfileField.swift */; };
/* End PBXBuildFile section */

/* Begin PBXContainerItemProxy section */
		A0E960EA2AF69CE7002C202A /* PBXContainerItemProxy */ = {
			isa = PBXContainerItemProxy;
			containerPortal = A0E960D12AF69CE6002C202A /* Project object */;
			proxyType = 1;
			remoteGlobalIDString = A0E960D82AF69CE6002C202A;
			remoteInfo = SIoP;
		};
		A0E960F42AF69CE7002C202A /* PBXContainerItemProxy */ = {
			isa = PBXContainerItemProxy;
			containerPortal = A0E960D12AF69CE6002C202A /* Project object */;
			proxyType = 1;
			remoteGlobalIDString = A0E960D82AF69CE6002C202A;
			remoteInfo = SIoP;
		};
/* End PBXContainerItemProxy section */

/* Begin PBXFileReference section */
		A004EAAF2B65720B00C5C325 /* ActionButton.swift */ = {isa = PBXFileReference; lastKnownFileType = sourcecode.swift; path = ActionButton.swift; sourceTree = "<group>"; };
		A04F648F2B8A437B00A50B0B /* HomeView.swift */ = {isa = PBXFileReference; lastKnownFileType = sourcecode.swift; path = HomeView.swift; sourceTree = "<group>"; };
		A04F64932B8A45DA00A50B0B /* HeaderHomeView.swift */ = {isa = PBXFileReference; lastKnownFileType = sourcecode.swift; path = HeaderHomeView.swift; sourceTree = "<group>"; };
		A064D5662B52E5FB00D80B8E /* Colors.swift */ = {isa = PBXFileReference; lastKnownFileType = sourcecode.swift; path = Colors.swift; sourceTree = "<group>"; };
		A064D5682B52E8A800D80B8E /* HelpView.swift */ = {isa = PBXFileReference; lastKnownFileType = sourcecode.swift; path = HelpView.swift; sourceTree = "<group>"; };
		A064D56A2B52E96100D80B8E /* help.md */ = {isa = PBXFileReference; lastKnownFileType = net.daringfireball.markdown; path = help.md; sourceTree = "<group>"; };
		A064D56F2B52FA2000D80B8E /* Launch Screen.storyboard */ = {isa = PBXFileReference; lastKnownFileType = file.storyboard; path = "Launch Screen.storyboard"; sourceTree = "<group>"; };
		A08168BF2B8117AF008CDCD6 /* SIoP Itaka.app */ = {isa = PBXFileReference; explicitFileType = wrapper.application; includeInIndex = 0; path = "SIoP Itaka.app"; sourceTree = BUILT_PRODUCTS_DIR; };
		A08168C32B811CC0008CDCD6 /* profiles.json */ = {isa = PBXFileReference; fileEncoding = 4; lastKnownFileType = text.json; path = profiles.json; sourceTree = "<group>"; };
		A08168C42B811CC0008CDCD6 /* Assets.xcassets */ = {isa = PBXFileReference; lastKnownFileType = folder.assetcatalog; path = Assets.xcassets; sourceTree = "<group>"; };
		A08168C72B811DBE008CDCD6 /* Launch Screen.storyboard */ = {isa = PBXFileReference; fileEncoding = 4; lastKnownFileType = file.storyboard; path = "Launch Screen.storyboard"; sourceTree = "<group>"; };
		A0A1C4F92B6E9F2F00F68D2C /* ReadSectionView.swift */ = {isa = PBXFileReference; lastKnownFileType = sourcecode.swift; path = ReadSectionView.swift; sourceTree = "<group>"; };
		A0A1C4FB2B6EA5C100F68D2C /* TagReader.swift */ = {isa = PBXFileReference; lastKnownFileType = sourcecode.swift; path = TagReader.swift; sourceTree = "<group>"; };
		A0A1C4FD2B6EB14D00F68D2C /* ReadMessageView.swift */ = {isa = PBXFileReference; lastKnownFileType = sourcecode.swift; path = ReadMessageView.swift; sourceTree = "<group>"; };
		A0A425292B2DF31500573DB6 /* profiles.json */ = {isa = PBXFileReference; lastKnownFileType = text.json; path = profiles.json; sourceTree = "<group>"; };
		A0BB6F5C2B8A5DB200A75FF3 /* HomeViewModel.swift */ = {isa = PBXFileReference; lastKnownFileType = sourcecode.swift; path = HomeViewModel.swift; sourceTree = "<group>"; };
		A0BB6F5F2B8A63D300A75FF3 /* ProfileListViewModel.swift */ = {isa = PBXFileReference; lastKnownFileType = sourcecode.swift; path = ProfileListViewModel.swift; sourceTree = "<group>"; };
		A0E960D92AF69CE6002C202A /* SIoP.app */ = {isa = PBXFileReference; explicitFileType = wrapper.application; includeInIndex = 0; path = SIoP.app; sourceTree = BUILT_PRODUCTS_DIR; };
		A0E960DC2AF69CE6002C202A /* SIoPApp.swift */ = {isa = PBXFileReference; lastKnownFileType = sourcecode.swift; path = SIoPApp.swift; sourceTree = "<group>"; };
		A0E960E02AF69CE7002C202A /* Assets.xcassets */ = {isa = PBXFileReference; lastKnownFileType = folder.assetcatalog; path = Assets.xcassets; sourceTree = "<group>"; };
		A0E960E32AF69CE7002C202A /* Preview Assets.xcassets */ = {isa = PBXFileReference; lastKnownFileType = folder.assetcatalog; path = "Preview Assets.xcassets"; sourceTree = "<group>"; };
		A0E960E92AF69CE7002C202A /* SIoPTests.xctest */ = {isa = PBXFileReference; explicitFileType = wrapper.cfbundle; includeInIndex = 0; path = SIoPTests.xctest; sourceTree = BUILT_PRODUCTS_DIR; };
		A0E960ED2AF69CE7002C202A /* SIoPTests.swift */ = {isa = PBXFileReference; lastKnownFileType = sourcecode.swift; path = SIoPTests.swift; sourceTree = "<group>"; };
		A0E960F32AF69CE7002C202A /* SIoPUITests.xctest */ = {isa = PBXFileReference; explicitFileType = wrapper.cfbundle; includeInIndex = 0; path = SIoPUITests.xctest; sourceTree = BUILT_PRODUCTS_DIR; };
		A0E960F72AF69CE7002C202A /* SIoPUITests.swift */ = {isa = PBXFileReference; lastKnownFileType = sourcecode.swift; path = SIoPUITests.swift; sourceTree = "<group>"; };
		A0E960F92AF69CE7002C202A /* SIoPUITestsLaunchTests.swift */ = {isa = PBXFileReference; lastKnownFileType = sourcecode.swift; path = SIoPUITestsLaunchTests.swift; sourceTree = "<group>"; };
		A0E961062AF69D19002C202A /* Profile.swift */ = {isa = PBXFileReference; fileEncoding = 4; lastKnownFileType = sourcecode.swift; path = Profile.swift; sourceTree = "<group>"; };
		A0E961072AF69D19002C202A /* ProfileTagWriter.swift */ = {isa = PBXFileReference; fileEncoding = 4; lastKnownFileType = sourcecode.swift; path = ProfileTagWriter.swift; sourceTree = "<group>"; };
		A0E961092AF69D19002C202A /* ProfileListView.swift */ = {isa = PBXFileReference; fileEncoding = 4; lastKnownFileType = sourcecode.swift; path = ProfileListView.swift; sourceTree = "<group>"; };
		A0E9610B2AF69D19002C202A /* WriteProfileView.swift */ = {isa = PBXFileReference; fileEncoding = 4; lastKnownFileType = sourcecode.swift; path = WriteProfileView.swift; sourceTree = "<group>"; };
		A0E9610C2AF69D19002C202A /* ProfileFieldRow.swift */ = {isa = PBXFileReference; fileEncoding = 4; lastKnownFileType = sourcecode.swift; path = ProfileFieldRow.swift; sourceTree = "<group>"; };
		A0E9610D2AF69D19002C202A /* ProfileRow.swift */ = {isa = PBXFileReference; fileEncoding = 4; lastKnownFileType = sourcecode.swift; path = ProfileRow.swift; sourceTree = "<group>"; };
		A0E9610E2AF69D19002C202A /* WriteProfileButtonRow.swift */ = {isa = PBXFileReference; fileEncoding = 4; lastKnownFileType = sourcecode.swift; path = WriteProfileButtonRow.swift; sourceTree = "<group>"; };
		A0E961172AF69D61002C202A /* SIoP.entitlements */ = {isa = PBXFileReference; lastKnownFileType = text.plist.entitlements; path = SIoP.entitlements; sourceTree = "<group>"; };
		A0E961182AF6A1E3002C202A /* WriteProfileModel.swift */ = {isa = PBXFileReference; lastKnownFileType = sourcecode.swift; path = WriteProfileModel.swift; sourceTree = "<group>"; };
		A0E9611A2AF6A21F002C202A /* ProfileField.swift */ = {isa = PBXFileReference; lastKnownFileType = sourcecode.swift; path = ProfileField.swift; sourceTree = "<group>"; };
/* End PBXFileReference section */

/* Begin PBXFrameworksBuildPhase section */
		A08168B42B8117AF008CDCD6 /* Frameworks */ = {
			isa = PBXFrameworksBuildPhase;
			buildActionMask = 2147483647;
			files = (
				A08168B52B8117AF008CDCD6 /* MarkdownUI in Frameworks */,
			);
			runOnlyForDeploymentPostprocessing = 0;
		};
		A0E960D62AF69CE6002C202A /* Frameworks */ = {
			isa = PBXFrameworksBuildPhase;
			buildActionMask = 2147483647;
			files = (
				A064D56E2B52ED9400D80B8E /* MarkdownUI in Frameworks */,
			);
			runOnlyForDeploymentPostprocessing = 0;
		};
		A0E960E62AF69CE7002C202A /* Frameworks */ = {
			isa = PBXFrameworksBuildPhase;
			buildActionMask = 2147483647;
			files = (
			);
			runOnlyForDeploymentPostprocessing = 0;
		};
		A0E960F02AF69CE7002C202A /* Frameworks */ = {
			isa = PBXFrameworksBuildPhase;
			buildActionMask = 2147483647;
			files = (
			);
			runOnlyForDeploymentPostprocessing = 0;
		};
/* End PBXFrameworksBuildPhase section */

/* Begin PBXGroup section */
		A04F64922B8A45A000A50B0B /* Home */ = {
			isa = PBXGroup;
			children = (
				A04F648F2B8A437B00A50B0B /* HomeView.swift */,
				A0BB6F5C2B8A5DB200A75FF3 /* HomeViewModel.swift */,
				A04F64932B8A45DA00A50B0B /* HeaderHomeView.swift */,
			);
			path = Home;
			sourceTree = "<group>";
		};
		A04F649C2B8A4F2E00A50B0B /* Help */ = {
			isa = PBXGroup;
			children = (
				A064D5682B52E8A800D80B8E /* HelpView.swift */,
			);
			path = Help;
			sourceTree = "<group>";
		};
		A08168C22B811C8D008CDCD6 /* Itaka */ = {
			isa = PBXGroup;
			children = (
				A08168C42B811CC0008CDCD6 /* Assets.xcassets */,
				A08168C72B811DBE008CDCD6 /* Launch Screen.storyboard */,
				A08168C32B811CC0008CDCD6 /* profiles.json */,
			);
			path = Itaka;
			sourceTree = "<group>";
		};
		A0A1C4F82B6E9E9900F68D2C /* ProfileList */ = {
			isa = PBXGroup;
			children = (
				A0E9610D2AF69D19002C202A /* ProfileRow.swift */,
				A0BB6F5F2B8A63D300A75FF3 /* ProfileListViewModel.swift */,
				A0E961092AF69D19002C202A /* ProfileListView.swift */,
				A0A1C4F92B6E9F2F00F68D2C /* ReadSectionView.swift */,
			);
			path = ProfileList;
			sourceTree = "<group>";
		};
		A0E960D02AF69CE6002C202A = {
			isa = PBXGroup;
			children = (
				A08168C22B811C8D008CDCD6 /* Itaka */,
				A0E960DB2AF69CE6002C202A /* SIoP */,
				A0E960EC2AF69CE7002C202A /* SIoPTests */,
				A0E960F62AF69CE7002C202A /* SIoPUITests */,
				A0E960DA2AF69CE6002C202A /* Products */,
			);
			sourceTree = "<group>";
		};
		A0E960DA2AF69CE6002C202A /* Products */ = {
			isa = PBXGroup;
			children = (
				A0E960D92AF69CE6002C202A /* SIoP.app */,
				A0E960E92AF69CE7002C202A /* SIoPTests.xctest */,
				A0E960F32AF69CE7002C202A /* SIoPUITests.xctest */,
				A08168BF2B8117AF008CDCD6 /* SIoP Itaka.app */,
			);
			name = Products;
			sourceTree = "<group>";
		};
		A0E960DB2AF69CE6002C202A /* SIoP */ = {
			isa = PBXGroup;
			children = (
				A0E961172AF69D61002C202A /* SIoP.entitlements */,
				A0E960DC2AF69CE6002C202A /* SIoPApp.swift */,
				A064D56F2B52FA2000D80B8E /* Launch Screen.storyboard */,
				A0A425292B2DF31500573DB6 /* profiles.json */,
				A064D56A2B52E96100D80B8E /* help.md */,
				A0E9611D2AF6A262002C202A /* Model */,
				A04F64922B8A45A000A50B0B /* Home */,
				A064D5662B52E5FB00D80B8E /* Colors.swift */,
				A0E9610C2AF69D19002C202A /* ProfileFieldRow.swift */,
				A004EAAF2B65720B00C5C325 /* ActionButton.swift */,
				A0A1C4F82B6E9E9900F68D2C /* ProfileList */,
				A0E9611C2AF6A24F002C202A /* WriteProfile */,
				A04F649C2B8A4F2E00A50B0B /* Help */,
				A0A1C4FD2B6EB14D00F68D2C /* ReadMessageView.swift */,
				A0E961072AF69D19002C202A /* ProfileTagWriter.swift */,
				A0A1C4FB2B6EA5C100F68D2C /* TagReader.swift */,
				A0E9610E2AF69D19002C202A /* WriteProfileButtonRow.swift */,
				A0E960E02AF69CE7002C202A /* Assets.xcassets */,
				A0E960E22AF69CE7002C202A /* Preview Content */,
			);
			path = SIoP;
			sourceTree = "<group>";
		};
		A0E960E22AF69CE7002C202A /* Preview Content */ = {
			isa = PBXGroup;
			children = (
				A0E960E32AF69CE7002C202A /* Preview Assets.xcassets */,
			);
			path = "Preview Content";
			sourceTree = "<group>";
		};
		A0E960EC2AF69CE7002C202A /* SIoPTests */ = {
			isa = PBXGroup;
			children = (
				A0E960ED2AF69CE7002C202A /* SIoPTests.swift */,
			);
			path = SIoPTests;
			sourceTree = "<group>";
		};
		A0E960F62AF69CE7002C202A /* SIoPUITests */ = {
			isa = PBXGroup;
			children = (
				A0E960F72AF69CE7002C202A /* SIoPUITests.swift */,
				A0E960F92AF69CE7002C202A /* SIoPUITestsLaunchTests.swift */,
			);
			path = SIoPUITests;
			sourceTree = "<group>";
		};
		A0E9611C2AF6A24F002C202A /* WriteProfile */ = {
			isa = PBXGroup;
			children = (
				A0E961182AF6A1E3002C202A /* WriteProfileModel.swift */,
				A0E9610B2AF69D19002C202A /* WriteProfileView.swift */,
			);
			path = WriteProfile;
			sourceTree = "<group>";
		};
		A0E9611D2AF6A262002C202A /* Model */ = {
			isa = PBXGroup;
			children = (
				A0E961062AF69D19002C202A /* Profile.swift */,
				A0E9611A2AF6A21F002C202A /* ProfileField.swift */,
			);
			path = Model;
			sourceTree = "<group>";
		};
/* End PBXGroup section */

/* Begin PBXNativeTarget section */
		A081689F2B8117AF008CDCD6 /* SIoP Itaka */ = {
			isa = PBXNativeTarget;
			buildConfigurationList = A08168BC2B8117AF008CDCD6 /* Build configuration list for PBXNativeTarget "SIoP Itaka" */;
			buildPhases = (
				A08168A22B8117AF008CDCD6 /* Sources */,
				A08168B42B8117AF008CDCD6 /* Frameworks */,
				A08168B62B8117AF008CDCD6 /* Resources */,
			);
			buildRules = (
			);
			dependencies = (
			);
			name = "SIoP Itaka";
			packageProductDependencies = (
				A08168A02B8117AF008CDCD6 /* MarkdownUI */,
			);
			productName = SIoP;
			productReference = A08168BF2B8117AF008CDCD6 /* SIoP Itaka.app */;
			productType = "com.apple.product-type.application";
		};
		A0E960D82AF69CE6002C202A /* SIoP */ = {
			isa = PBXNativeTarget;
			buildConfigurationList = A0E960FD2AF69CE7002C202A /* Build configuration list for PBXNativeTarget "SIoP" */;
			buildPhases = (
				A0E960D52AF69CE6002C202A /* Sources */,
				A0E960D62AF69CE6002C202A /* Frameworks */,
				A0E960D72AF69CE6002C202A /* Resources */,
			);
			buildRules = (
			);
			dependencies = (
			);
			name = SIoP;
			packageProductDependencies = (
				A064D56D2B52ED9400D80B8E /* MarkdownUI */,
			);
			productName = SIoP;
			productReference = A0E960D92AF69CE6002C202A /* SIoP.app */;
			productType = "com.apple.product-type.application";
		};
		A0E960E82AF69CE7002C202A /* SIoPTests */ = {
			isa = PBXNativeTarget;
			buildConfigurationList = A0E961002AF69CE7002C202A /* Build configuration list for PBXNativeTarget "SIoPTests" */;
			buildPhases = (
				A0E960E52AF69CE7002C202A /* Sources */,
				A0E960E62AF69CE7002C202A /* Frameworks */,
				A0E960E72AF69CE7002C202A /* Resources */,
			);
			buildRules = (
			);
			dependencies = (
				A0E960EB2AF69CE7002C202A /* PBXTargetDependency */,
			);
			name = SIoPTests;
			productName = SIoPTests;
			productReference = A0E960E92AF69CE7002C202A /* SIoPTests.xctest */;
			productType = "com.apple.product-type.bundle.unit-test";
		};
		A0E960F22AF69CE7002C202A /* SIoPUITests */ = {
			isa = PBXNativeTarget;
			buildConfigurationList = A0E961032AF69CE7002C202A /* Build configuration list for PBXNativeTarget "SIoPUITests" */;
			buildPhases = (
				A0E960EF2AF69CE7002C202A /* Sources */,
				A0E960F02AF69CE7002C202A /* Frameworks */,
				A0E960F12AF69CE7002C202A /* Resources */,
			);
			buildRules = (
			);
			dependencies = (
				A0E960F52AF69CE7002C202A /* PBXTargetDependency */,
			);
			name = SIoPUITests;
			productName = SIoPUITests;
			productReference = A0E960F32AF69CE7002C202A /* SIoPUITests.xctest */;
			productType = "com.apple.product-type.bundle.ui-testing";
		};
/* End PBXNativeTarget section */

/* Begin PBXProject section */
		A0E960D12AF69CE6002C202A /* Project object */ = {
			isa = PBXProject;
			attributes = {
				BuildIndependentTargetsInParallel = 1;
				LastSwiftUpdateCheck = 1500;
				LastUpgradeCheck = 1500;
				TargetAttributes = {
					A0E960D82AF69CE6002C202A = {
						CreatedOnToolsVersion = 15.0.1;
					};
					A0E960E82AF69CE7002C202A = {
						CreatedOnToolsVersion = 15.0.1;
						TestTargetID = A0E960D82AF69CE6002C202A;
					};
					A0E960F22AF69CE7002C202A = {
						CreatedOnToolsVersion = 15.0.1;
						TestTargetID = A0E960D82AF69CE6002C202A;
					};
				};
			};
			buildConfigurationList = A0E960D42AF69CE6002C202A /* Build configuration list for PBXProject "SIoP" */;
			compatibilityVersion = "Xcode 14.0";
			developmentRegion = en;
			hasScannedForEncodings = 0;
			knownRegions = (
				en,
				Base,
			);
			mainGroup = A0E960D02AF69CE6002C202A;
			packageReferences = (
				A064D56C2B52ED9400D80B8E /* XCRemoteSwiftPackageReference "swift-markdown-ui" */,
			);
			productRefGroup = A0E960DA2AF69CE6002C202A /* Products */;
			projectDirPath = "";
			projectRoot = "";
			targets = (
				A0E960D82AF69CE6002C202A /* SIoP */,
				A0E960E82AF69CE7002C202A /* SIoPTests */,
				A0E960F22AF69CE7002C202A /* SIoPUITests */,
				A081689F2B8117AF008CDCD6 /* SIoP Itaka */,
			);
		};
/* End PBXProject section */

/* Begin PBXResourcesBuildPhase section */
		A08168B62B8117AF008CDCD6 /* Resources */ = {
			isa = PBXResourcesBuildPhase;
			buildActionMask = 2147483647;
			files = (
				A00BF0DE2B81202E00EA8E89 /* Launch Screen.storyboard in Resources */,
				A08168B72B8117AF008CDCD6 /* Preview Assets.xcassets in Resources */,
				A08168C52B811CC0008CDCD6 /* profiles.json in Resources */,
				A08168BB2B8117AF008CDCD6 /* help.md in Resources */,
				A08168C62B811CC0008CDCD6 /* Assets.xcassets in Resources */,
			);
			runOnlyForDeploymentPostprocessing = 0;
		};
		A0E960D72AF69CE6002C202A /* Resources */ = {
			isa = PBXResourcesBuildPhase;
			buildActionMask = 2147483647;
			files = (
				A0E960E42AF69CE7002C202A /* Preview Assets.xcassets in Resources */,
				A0E960E12AF69CE7002C202A /* Assets.xcassets in Resources */,
				A0A4252A2B2DF31500573DB6 /* profiles.json in Resources */,
				A08168C92B811DC4008CDCD6 /* Launch Screen.storyboard in Resources */,
				A064D56B2B52E96100D80B8E /* help.md in Resources */,
			);
			runOnlyForDeploymentPostprocessing = 0;
		};
		A0E960E72AF69CE7002C202A /* Resources */ = {
			isa = PBXResourcesBuildPhase;
			buildActionMask = 2147483647;
			files = (
			);
			runOnlyForDeploymentPostprocessing = 0;
		};
		A0E960F12AF69CE7002C202A /* Resources */ = {
			isa = PBXResourcesBuildPhase;
			buildActionMask = 2147483647;
			files = (
			);
			runOnlyForDeploymentPostprocessing = 0;
		};
/* End PBXResourcesBuildPhase section */

/* Begin PBXSourcesBuildPhase section */
		A08168A22B8117AF008CDCD6 /* Sources */ = {
			isa = PBXSourcesBuildPhase;
			buildActionMask = 2147483647;
			files = (
				A08168A32B8117AF008CDCD6 /* ProfileListView.swift in Sources */,
				A08168A42B8117AF008CDCD6 /* HelpView.swift in Sources */,
				A08168A52B8117AF008CDCD6 /* Colors.swift in Sources */,
				A0BB6F5E2B8A5DB200A75FF3 /* HomeViewModel.swift in Sources */,
				A08168A62B8117AF008CDCD6 /* ProfileFieldRow.swift in Sources */,
				A08168A72B8117AF008CDCD6 /* ReadSectionView.swift in Sources */,
				A08168A82B8117AF008CDCD6 /* SIoPApp.swift in Sources */,
				A04F64952B8A45DA00A50B0B /* HeaderHomeView.swift in Sources */,
				A08168A92B8117AF008CDCD6 /* WriteProfileView.swift in Sources */,
				A0BB6F612B8A63D300A75FF3 /* ProfileListViewModel.swift in Sources */,
				A08168AA2B8117AF008CDCD6 /* ProfileRow.swift in Sources */,
				A08168AB2B8117AF008CDCD6 /* ReadMessageView.swift in Sources */,
				A04F64912B8A437B00A50B0B /* HomeView.swift in Sources */,
				A08168AC2B8117AF008CDCD6 /* WriteProfileModel.swift in Sources */,
				A08168AD2B8117AF008CDCD6 /* TagReader.swift in Sources */,
				A08168AE2B8117AF008CDCD6 /* WriteProfileButtonRow.swift in Sources */,
				A08168AF2B8117AF008CDCD6 /* Profile.swift in Sources */,
				A08168B02B8117AF008CDCD6 /* ProfileField.swift in Sources */,
				A08168B12B8117AF008CDCD6 /* ProfileTagWriter.swift in Sources */,
				A08168B32B8117AF008CDCD6 /* ActionButton.swift in Sources */,
			);
			runOnlyForDeploymentPostprocessing = 0;
		};
		A0E960D52AF69CE6002C202A /* Sources */ = {
			isa = PBXSourcesBuildPhase;
			buildActionMask = 2147483647;
			files = (
				A0E961122AF69D19002C202A /* ProfileListView.swift in Sources */,
				A064D5692B52E8A800D80B8E /* HelpView.swift in Sources */,
				A064D5672B52E5FB00D80B8E /* Colors.swift in Sources */,
				A0BB6F5D2B8A5DB200A75FF3 /* HomeViewModel.swift in Sources */,
				A0E961142AF69D19002C202A /* ProfileFieldRow.swift in Sources */,
				A0A1C4FA2B6E9F2F00F68D2C /* ReadSectionView.swift in Sources */,
				A0E960DD2AF69CE6002C202A /* SIoPApp.swift in Sources */,
				A04F64942B8A45DA00A50B0B /* HeaderHomeView.swift in Sources */,
				A0E961132AF69D19002C202A /* WriteProfileView.swift in Sources */,
				A0BB6F602B8A63D300A75FF3 /* ProfileListViewModel.swift in Sources */,
				A0E961152AF69D19002C202A /* ProfileRow.swift in Sources */,
				A0A1C4FE2B6EB14D00F68D2C /* ReadMessageView.swift in Sources */,
				A04F64902B8A437B00A50B0B /* HomeView.swift in Sources */,
				A0E961192AF6A1E3002C202A /* WriteProfileModel.swift in Sources */,
				A0A1C4FC2B6EA5C100F68D2C /* TagReader.swift in Sources */,
				A0E961162AF69D19002C202A /* WriteProfileButtonRow.swift in Sources */,
				A0E9610F2AF69D19002C202A /* Profile.swift in Sources */,
				A0E9611B2AF6A21F002C202A /* ProfileField.swift in Sources */,
				A0E961102AF69D19002C202A /* ProfileTagWriter.swift in Sources */,
				A004EAB02B65720B00C5C325 /* ActionButton.swift in Sources */,
			);
			runOnlyForDeploymentPostprocessing = 0;
		};
		A0E960E52AF69CE7002C202A /* Sources */ = {
			isa = PBXSourcesBuildPhase;
			buildActionMask = 2147483647;
			files = (
				A0E960EE2AF69CE7002C202A /* SIoPTests.swift in Sources */,
			);
			runOnlyForDeploymentPostprocessing = 0;
		};
		A0E960EF2AF69CE7002C202A /* Sources */ = {
			isa = PBXSourcesBuildPhase;
			buildActionMask = 2147483647;
			files = (
				A0E960F82AF69CE7002C202A /* SIoPUITests.swift in Sources */,
				A0E960FA2AF69CE7002C202A /* SIoPUITestsLaunchTests.swift in Sources */,
			);
			runOnlyForDeploymentPostprocessing = 0;
		};
/* End PBXSourcesBuildPhase section */

/* Begin PBXTargetDependency section */
		A0E960EB2AF69CE7002C202A /* PBXTargetDependency */ = {
			isa = PBXTargetDependency;
			target = A0E960D82AF69CE6002C202A /* SIoP */;
			targetProxy = A0E960EA2AF69CE7002C202A /* PBXContainerItemProxy */;
		};
		A0E960F52AF69CE7002C202A /* PBXTargetDependency */ = {
			isa = PBXTargetDependency;
			target = A0E960D82AF69CE6002C202A /* SIoP */;
			targetProxy = A0E960F42AF69CE7002C202A /* PBXContainerItemProxy */;
		};
/* End PBXTargetDependency section */

/* Begin XCBuildConfiguration section */
		A08168BD2B8117AF008CDCD6 /* Debug */ = {
			isa = XCBuildConfiguration;
			buildSettings = {
				ASSETCATALOG_COMPILER_APPICON_NAME = AppIcon;
				ASSETCATALOG_COMPILER_GLOBAL_ACCENT_COLOR_NAME = AccentColor;
				CODE_SIGN_ENTITLEMENTS = SIoP/SIoP.entitlements;
				CODE_SIGN_STYLE = Automatic;
				CURRENT_PROJECT_VERSION = 1;
				DEVELOPMENT_ASSET_PATHS = "\"SIoP/Preview Content\"";
				DEVELOPMENT_TEAM = EHSX8V3354;
				ENABLE_PREVIEWS = YES;
				GENERATE_INFOPLIST_FILE = YES;
				INFOPLIST_KEY_NFCReaderUsageDescription = "Potrzebne do zapisu";
				INFOPLIST_KEY_UIApplicationSceneManifest_Generation = YES;
				INFOPLIST_KEY_UIApplicationSupportsIndirectInputEvents = YES;
				INFOPLIST_KEY_UILaunchScreen_Generation = YES;
				INFOPLIST_KEY_UILaunchStoryboardName = "Launch Screen.storyboard";
				INFOPLIST_KEY_UISupportedInterfaceOrientations = UIInterfaceOrientationPortrait;
				IPHONEOS_DEPLOYMENT_TARGET = 15.0;
				LD_RUNPATH_SEARCH_PATHS = (
					"$(inherited)",
					"@executable_path/Frameworks",
				);
				MARKETING_VERSION = 1.0;
				OTHER_SWIFT_FLAGS = "";
				PRODUCT_BUNDLE_IDENTIFIER = "com.muzyk2006.SIoP.itaka";
				PRODUCT_NAME = "$(TARGET_NAME)";
				SUPPORTED_PLATFORMS = "iphoneos iphonesimulator";
				SUPPORTS_MACCATALYST = NO;
				SUPPORTS_MAC_DESIGNED_FOR_IPHONE_IPAD = NO;
				SWIFT_ACTIVE_COMPILATION_CONDITIONS = "ITAKA DEBUG";
				SWIFT_EMIT_LOC_STRINGS = YES;
				SWIFT_VERSION = 5.0;
				TARGETED_DEVICE_FAMILY = 1;
			};
			name = Debug;
		};
		A08168BE2B8117AF008CDCD6 /* Release */ = {
			isa = XCBuildConfiguration;
			buildSettings = {
				ASSETCATALOG_COMPILER_APPICON_NAME = AppIcon;
				ASSETCATALOG_COMPILER_GLOBAL_ACCENT_COLOR_NAME = AccentColor;
				CODE_SIGN_ENTITLEMENTS = SIoP/SIoP.entitlements;
				CODE_SIGN_STYLE = Automatic;
				CURRENT_PROJECT_VERSION = 1;
				DEVELOPMENT_ASSET_PATHS = "\"SIoP/Preview Content\"";
				DEVELOPMENT_TEAM = EHSX8V3354;
				ENABLE_PREVIEWS = YES;
				GENERATE_INFOPLIST_FILE = YES;
				INFOPLIST_KEY_NFCReaderUsageDescription = "Potrzebne do zapisu";
				INFOPLIST_KEY_UIApplicationSceneManifest_Generation = YES;
				INFOPLIST_KEY_UIApplicationSupportsIndirectInputEvents = YES;
				INFOPLIST_KEY_UILaunchScreen_Generation = YES;
				INFOPLIST_KEY_UILaunchStoryboardName = "Launch Screen.storyboard";
				INFOPLIST_KEY_UISupportedInterfaceOrientations = UIInterfaceOrientationPortrait;
				IPHONEOS_DEPLOYMENT_TARGET = 15.0;
				LD_RUNPATH_SEARCH_PATHS = (
					"$(inherited)",
					"@executable_path/Frameworks",
				);
				MARKETING_VERSION = 1.0;
				OTHER_SWIFT_FLAGS = "";
				PRODUCT_BUNDLE_IDENTIFIER = "com.muzyk2006.SIoP.itaka";
				PRODUCT_NAME = "$(TARGET_NAME)";
				SUPPORTED_PLATFORMS = "iphoneos iphonesimulator";
				SUPPORTS_MACCATALYST = NO;
				SUPPORTS_MAC_DESIGNED_FOR_IPHONE_IPAD = NO;
				SWIFT_ACTIVE_COMPILATION_CONDITIONS = ITAKA;
				SWIFT_EMIT_LOC_STRINGS = YES;
				SWIFT_VERSION = 5.0;
				TARGETED_DEVICE_FAMILY = 1;
			};
			name = Release;
		};
		A0E960FB2AF69CE7002C202A /* Debug */ = {
			isa = XCBuildConfiguration;
			buildSettings = {
				ALWAYS_SEARCH_USER_PATHS = NO;
				ASSETCATALOG_COMPILER_GENERATE_SWIFT_ASSET_SYMBOL_EXTENSIONS = YES;
				CLANG_ANALYZER_NONNULL = YES;
				CLANG_ANALYZER_NUMBER_OBJECT_CONVERSION = YES_AGGRESSIVE;
				CLANG_CXX_LANGUAGE_STANDARD = "gnu++20";
				CLANG_ENABLE_MODULES = YES;
				CLANG_ENABLE_OBJC_ARC = YES;
				CLANG_ENABLE_OBJC_WEAK = YES;
				CLANG_WARN_BLOCK_CAPTURE_AUTORELEASING = YES;
				CLANG_WARN_BOOL_CONVERSION = YES;
				CLANG_WARN_COMMA = YES;
				CLANG_WARN_CONSTANT_CONVERSION = YES;
				CLANG_WARN_DEPRECATED_OBJC_IMPLEMENTATIONS = YES;
				CLANG_WARN_DIRECT_OBJC_ISA_USAGE = YES_ERROR;
				CLANG_WARN_DOCUMENTATION_COMMENTS = YES;
				CLANG_WARN_EMPTY_BODY = YES;
				CLANG_WARN_ENUM_CONVERSION = YES;
				CLANG_WARN_INFINITE_RECURSION = YES;
				CLANG_WARN_INT_CONVERSION = YES;
				CLANG_WARN_NON_LITERAL_NULL_CONVERSION = YES;
				CLANG_WARN_OBJC_IMPLICIT_RETAIN_SELF = YES;
				CLANG_WARN_OBJC_LITERAL_CONVERSION = YES;
				CLANG_WARN_OBJC_ROOT_CLASS = YES_ERROR;
				CLANG_WARN_QUOTED_INCLUDE_IN_FRAMEWORK_HEADER = YES;
				CLANG_WARN_RANGE_LOOP_ANALYSIS = YES;
				CLANG_WARN_STRICT_PROTOTYPES = YES;
				CLANG_WARN_SUSPICIOUS_MOVE = YES;
				CLANG_WARN_UNGUARDED_AVAILABILITY = YES_AGGRESSIVE;
				CLANG_WARN_UNREACHABLE_CODE = YES;
				CLANG_WARN__DUPLICATE_METHOD_MATCH = YES;
				COPY_PHASE_STRIP = NO;
				DEBUG_INFORMATION_FORMAT = dwarf;
				ENABLE_STRICT_OBJC_MSGSEND = YES;
				ENABLE_TESTABILITY = YES;
				ENABLE_USER_SCRIPT_SANDBOXING = YES;
				GCC_C_LANGUAGE_STANDARD = gnu17;
				GCC_DYNAMIC_NO_PIC = NO;
				GCC_NO_COMMON_BLOCKS = YES;
				GCC_OPTIMIZATION_LEVEL = 0;
				GCC_PREPROCESSOR_DEFINITIONS = (
					"DEBUG=1",
					"$(inherited)",
				);
				GCC_WARN_64_TO_32_BIT_CONVERSION = YES;
				GCC_WARN_ABOUT_RETURN_TYPE = YES_ERROR;
				GCC_WARN_UNDECLARED_SELECTOR = YES;
				GCC_WARN_UNINITIALIZED_AUTOS = YES_AGGRESSIVE;
				GCC_WARN_UNUSED_FUNCTION = YES;
				GCC_WARN_UNUSED_VARIABLE = YES;
				IPHONEOS_DEPLOYMENT_TARGET = 15.0;
				LOCALIZATION_PREFERS_STRING_CATALOGS = YES;
				MTL_ENABLE_DEBUG_INFO = INCLUDE_SOURCE;
				MTL_FAST_MATH = YES;
				ONLY_ACTIVE_ARCH = YES;
				SDKROOT = iphoneos;
				SWIFT_ACTIVE_COMPILATION_CONDITIONS = "DEBUG $(inherited)";
				SWIFT_OPTIMIZATION_LEVEL = "-Onone";
			};
			name = Debug;
		};
		A0E960FC2AF69CE7002C202A /* Release */ = {
			isa = XCBuildConfiguration;
			buildSettings = {
				ALWAYS_SEARCH_USER_PATHS = NO;
				ASSETCATALOG_COMPILER_GENERATE_SWIFT_ASSET_SYMBOL_EXTENSIONS = YES;
				CLANG_ANALYZER_NONNULL = YES;
				CLANG_ANALYZER_NUMBER_OBJECT_CONVERSION = YES_AGGRESSIVE;
				CLANG_CXX_LANGUAGE_STANDARD = "gnu++20";
				CLANG_ENABLE_MODULES = YES;
				CLANG_ENABLE_OBJC_ARC = YES;
				CLANG_ENABLE_OBJC_WEAK = YES;
				CLANG_WARN_BLOCK_CAPTURE_AUTORELEASING = YES;
				CLANG_WARN_BOOL_CONVERSION = YES;
				CLANG_WARN_COMMA = YES;
				CLANG_WARN_CONSTANT_CONVERSION = YES;
				CLANG_WARN_DEPRECATED_OBJC_IMPLEMENTATIONS = YES;
				CLANG_WARN_DIRECT_OBJC_ISA_USAGE = YES_ERROR;
				CLANG_WARN_DOCUMENTATION_COMMENTS = YES;
				CLANG_WARN_EMPTY_BODY = YES;
				CLANG_WARN_ENUM_CONVERSION = YES;
				CLANG_WARN_INFINITE_RECURSION = YES;
				CLANG_WARN_INT_CONVERSION = YES;
				CLANG_WARN_NON_LITERAL_NULL_CONVERSION = YES;
				CLANG_WARN_OBJC_IMPLICIT_RETAIN_SELF = YES;
				CLANG_WARN_OBJC_LITERAL_CONVERSION = YES;
				CLANG_WARN_OBJC_ROOT_CLASS = YES_ERROR;
				CLANG_WARN_QUOTED_INCLUDE_IN_FRAMEWORK_HEADER = YES;
				CLANG_WARN_RANGE_LOOP_ANALYSIS = YES;
				CLANG_WARN_STRICT_PROTOTYPES = YES;
				CLANG_WARN_SUSPICIOUS_MOVE = YES;
				CLANG_WARN_UNGUARDED_AVAILABILITY = YES_AGGRESSIVE;
				CLANG_WARN_UNREACHABLE_CODE = YES;
				CLANG_WARN__DUPLICATE_METHOD_MATCH = YES;
				COPY_PHASE_STRIP = NO;
				DEBUG_INFORMATION_FORMAT = "dwarf-with-dsym";
				ENABLE_NS_ASSERTIONS = NO;
				ENABLE_STRICT_OBJC_MSGSEND = YES;
				ENABLE_USER_SCRIPT_SANDBOXING = YES;
				GCC_C_LANGUAGE_STANDARD = gnu17;
				GCC_NO_COMMON_BLOCKS = YES;
				GCC_WARN_64_TO_32_BIT_CONVERSION = YES;
				GCC_WARN_ABOUT_RETURN_TYPE = YES_ERROR;
				GCC_WARN_UNDECLARED_SELECTOR = YES;
				GCC_WARN_UNINITIALIZED_AUTOS = YES_AGGRESSIVE;
				GCC_WARN_UNUSED_FUNCTION = YES;
				GCC_WARN_UNUSED_VARIABLE = YES;
				IPHONEOS_DEPLOYMENT_TARGET = 15.0;
				LOCALIZATION_PREFERS_STRING_CATALOGS = YES;
				MTL_ENABLE_DEBUG_INFO = NO;
				MTL_FAST_MATH = YES;
				SDKROOT = iphoneos;
				SWIFT_COMPILATION_MODE = wholemodule;
				VALIDATE_PRODUCT = YES;
			};
			name = Release;
		};
		A0E960FE2AF69CE7002C202A /* Debug */ = {
			isa = XCBuildConfiguration;
			buildSettings = {
				ASSETCATALOG_COMPILER_APPICON_NAME = AppIcon;
				ASSETCATALOG_COMPILER_GLOBAL_ACCENT_COLOR_NAME = AccentColor;
				CODE_SIGN_ENTITLEMENTS = SIoP/SIoP.entitlements;
				CODE_SIGN_STYLE = Automatic;
				CURRENT_PROJECT_VERSION = 1;
				DEVELOPMENT_ASSET_PATHS = "\"SIoP/Preview Content\"";
				DEVELOPMENT_TEAM = EHSX8V3354;
				ENABLE_PREVIEWS = YES;
				GENERATE_INFOPLIST_FILE = YES;
				INFOPLIST_KEY_NFCReaderUsageDescription = "Potrzebne do zapisu";
				INFOPLIST_KEY_UIApplicationSceneManifest_Generation = YES;
				INFOPLIST_KEY_UIApplicationSupportsIndirectInputEvents = YES;
				INFOPLIST_KEY_UILaunchScreen_Generation = YES;
				INFOPLIST_KEY_UILaunchStoryboardName = "Launch Screen.storyboard";
				INFOPLIST_KEY_UISupportedInterfaceOrientations = UIInterfaceOrientationPortrait;
				IPHONEOS_DEPLOYMENT_TARGET = 15.0;
				LD_RUNPATH_SEARCH_PATHS = (
					"$(inherited)",
					"@executable_path/Frameworks",
				);
				MARKETING_VERSION = 1.0;
				PRODUCT_BUNDLE_IDENTIFIER = "com.muzyk2006.SIoP";
				PRODUCT_NAME = "$(TARGET_NAME)";
				SUPPORTED_PLATFORMS = "iphoneos iphonesimulator";
				SUPPORTS_MACCATALYST = NO;
				SUPPORTS_MAC_DESIGNED_FOR_IPHONE_IPAD = NO;
				SWIFT_EMIT_LOC_STRINGS = YES;
				SWIFT_VERSION = 5.0;
				TARGETED_DEVICE_FAMILY = 1;
			};
			name = Debug;
		};
		A0E960FF2AF69CE7002C202A /* Release */ = {
			isa = XCBuildConfiguration;
			buildSettings = {
				ASSETCATALOG_COMPILER_APPICON_NAME = AppIcon;
				ASSETCATALOG_COMPILER_GLOBAL_ACCENT_COLOR_NAME = AccentColor;
				CODE_SIGN_ENTITLEMENTS = SIoP/SIoP.entitlements;
				CODE_SIGN_STYLE = Automatic;
				CURRENT_PROJECT_VERSION = 1;
				DEVELOPMENT_ASSET_PATHS = "\"SIoP/Preview Content\"";
				DEVELOPMENT_TEAM = EHSX8V3354;
				ENABLE_PREVIEWS = YES;
				GENERATE_INFOPLIST_FILE = YES;
				INFOPLIST_KEY_NFCReaderUsageDescription = "Potrzebne do zapisu";
				INFOPLIST_KEY_UIApplicationSceneManifest_Generation = YES;
				INFOPLIST_KEY_UIApplicationSupportsIndirectInputEvents = YES;
				INFOPLIST_KEY_UILaunchScreen_Generation = YES;
				INFOPLIST_KEY_UILaunchStoryboardName = "Launch Screen.storyboard";
				INFOPLIST_KEY_UISupportedInterfaceOrientations = UIInterfaceOrientationPortrait;
				IPHONEOS_DEPLOYMENT_TARGET = 15.0;
				LD_RUNPATH_SEARCH_PATHS = (
					"$(inherited)",
					"@executable_path/Frameworks",
				);
				MARKETING_VERSION = 1.0;
				PRODUCT_BUNDLE_IDENTIFIER = "com.muzyk2006.SIoP";
				PRODUCT_NAME = "$(TARGET_NAME)";
				SUPPORTED_PLATFORMS = "iphoneos iphonesimulator";
				SUPPORTS_MACCATALYST = NO;
				SUPPORTS_MAC_DESIGNED_FOR_IPHONE_IPAD = NO;
				SWIFT_EMIT_LOC_STRINGS = YES;
				SWIFT_VERSION = 5.0;
				TARGETED_DEVICE_FAMILY = 1;
			};
			name = Release;
		};
		A0E961012AF69CE7002C202A /* Debug */ = {
			isa = XCBuildConfiguration;
			buildSettings = {
				ALWAYS_EMBED_SWIFT_STANDARD_LIBRARIES = YES;
				BUNDLE_LOADER = "$(TEST_HOST)";
				CODE_SIGN_STYLE = Automatic;
				CURRENT_PROJECT_VERSION = 1;
				DEVELOPMENT_TEAM = EHSX8V3354;
				GENERATE_INFOPLIST_FILE = YES;
				IPHONEOS_DEPLOYMENT_TARGET = 17.0;
				MARKETING_VERSION = 1.0;
				PRODUCT_BUNDLE_IDENTIFIER = "com.muzyk2006.SIoPTests";
				PRODUCT_NAME = "$(TARGET_NAME)";
				SWIFT_EMIT_LOC_STRINGS = NO;
				SWIFT_VERSION = 5.0;
				TARGETED_DEVICE_FAMILY = "1,2";
				TEST_HOST = "$(BUILT_PRODUCTS_DIR)/SIoP.app/$(BUNDLE_EXECUTABLE_FOLDER_PATH)/SIoP";
			};
			name = Debug;
		};
		A0E961022AF69CE7002C202A /* Release */ = {
			isa = XCBuildConfiguration;
			buildSettings = {
				ALWAYS_EMBED_SWIFT_STANDARD_LIBRARIES = YES;
				BUNDLE_LOADER = "$(TEST_HOST)";
				CODE_SIGN_STYLE = Automatic;
				CURRENT_PROJECT_VERSION = 1;
				DEVELOPMENT_TEAM = EHSX8V3354;
				GENERATE_INFOPLIST_FILE = YES;
				IPHONEOS_DEPLOYMENT_TARGET = 17.0;
				MARKETING_VERSION = 1.0;
				PRODUCT_BUNDLE_IDENTIFIER = "com.muzyk2006.SIoPTests";
				PRODUCT_NAME = "$(TARGET_NAME)";
				SWIFT_EMIT_LOC_STRINGS = NO;
				SWIFT_VERSION = 5.0;
				TARGETED_DEVICE_FAMILY = "1,2";
				TEST_HOST = "$(BUILT_PRODUCTS_DIR)/SIoP.app/$(BUNDLE_EXECUTABLE_FOLDER_PATH)/SIoP";
			};
			name = Release;
		};
		A0E961042AF69CE7002C202A /* Debug */ = {
			isa = XCBuildConfiguration;
			buildSettings = {
				ALWAYS_EMBED_SWIFT_STANDARD_LIBRARIES = YES;
				CODE_SIGN_STYLE = Automatic;
				CURRENT_PROJECT_VERSION = 1;
				DEVELOPMENT_TEAM = EHSX8V3354;
				GENERATE_INFOPLIST_FILE = YES;
				MARKETING_VERSION = 1.0;
				PRODUCT_BUNDLE_IDENTIFIER = "com.muzyk2006.SIoPUITests";
				PRODUCT_NAME = "$(TARGET_NAME)";
				SWIFT_EMIT_LOC_STRINGS = NO;
				SWIFT_VERSION = 5.0;
				TARGETED_DEVICE_FAMILY = "1,2";
				TEST_TARGET_NAME = SIoP;
			};
			name = Debug;
		};
		A0E961052AF69CE7002C202A /* Release */ = {
			isa = XCBuildConfiguration;
			buildSettings = {
				ALWAYS_EMBED_SWIFT_STANDARD_LIBRARIES = YES;
				CODE_SIGN_STYLE = Automatic;
				CURRENT_PROJECT_VERSION = 1;
				DEVELOPMENT_TEAM = EHSX8V3354;
				GENERATE_INFOPLIST_FILE = YES;
				MARKETING_VERSION = 1.0;
				PRODUCT_BUNDLE_IDENTIFIER = "com.muzyk2006.SIoPUITests";
				PRODUCT_NAME = "$(TARGET_NAME)";
				SWIFT_EMIT_LOC_STRINGS = NO;
				SWIFT_VERSION = 5.0;
				TARGETED_DEVICE_FAMILY = "1,2";
				TEST_TARGET_NAME = SIoP;
			};
			name = Release;
		};
/* End XCBuildConfiguration section */

/* Begin XCConfigurationList section */
		A08168BC2B8117AF008CDCD6 /* Build configuration list for PBXNativeTarget "SIoP Itaka" */ = {
			isa = XCConfigurationList;
			buildConfigurations = (
				A08168BD2B8117AF008CDCD6 /* Debug */,
				A08168BE2B8117AF008CDCD6 /* Release */,
			);
			defaultConfigurationIsVisible = 0;
			defaultConfigurationName = Release;
		};
		A0E960D42AF69CE6002C202A /* Build configuration list for PBXProject "SIoP" */ = {
			isa = XCConfigurationList;
			buildConfigurations = (
				A0E960FB2AF69CE7002C202A /* Debug */,
				A0E960FC2AF69CE7002C202A /* Release */,
			);
			defaultConfigurationIsVisible = 0;
			defaultConfigurationName = Release;
		};
		A0E960FD2AF69CE7002C202A /* Build configuration list for PBXNativeTarget "SIoP" */ = {
			isa = XCConfigurationList;
			buildConfigurations = (
				A0E960FE2AF69CE7002C202A /* Debug */,
				A0E960FF2AF69CE7002C202A /* Release */,
			);
			defaultConfigurationIsVisible = 0;
			defaultConfigurationName = Release;
		};
		A0E961002AF69CE7002C202A /* Build configuration list for PBXNativeTarget "SIoPTests" */ = {
			isa = XCConfigurationList;
			buildConfigurations = (
				A0E961012AF69CE7002C202A /* Debug */,
				A0E961022AF69CE7002C202A /* Release */,
			);
			defaultConfigurationIsVisible = 0;
			defaultConfigurationName = Release;
		};
		A0E961032AF69CE7002C202A /* Build configuration list for PBXNativeTarget "SIoPUITests" */ = {
			isa = XCConfigurationList;
			buildConfigurations = (
				A0E961042AF69CE7002C202A /* Debug */,
				A0E961052AF69CE7002C202A /* Release */,
			);
			defaultConfigurationIsVisible = 0;
			defaultConfigurationName = Release;
		};
/* End XCConfigurationList section */

/* Begin XCRemoteSwiftPackageReference section */
		A064D56C2B52ED9400D80B8E /* XCRemoteSwiftPackageReference "swift-markdown-ui" */ = {
			isa = XCRemoteSwiftPackageReference;
			repositoryURL = "https://github.com/gonzalezreal/swift-markdown-ui";
			requirement = {
				kind = upToNextMajorVersion;
				minimumVersion = 2.4.1;
			};
		};
		A08168A12B8117AF008CDCD6 /* XCRemoteSwiftPackageReference "swift-markdown-ui" */ = {
			isa = XCRemoteSwiftPackageReference;
			repositoryURL = "https://github.com/gonzalezreal/swift-markdown-ui";
			requirement = {
				kind = upToNextMajorVersion;
				minimumVersion = 2.3.0;
			};
		};
/* End XCRemoteSwiftPackageReference section */

/* Begin XCSwiftPackageProductDependency section */
		A064D56D2B52ED9400D80B8E /* MarkdownUI */ = {
			isa = XCSwiftPackageProductDependency;
			package = A064D56C2B52ED9400D80B8E /* XCRemoteSwiftPackageReference "swift-markdown-ui" */;
			productName = MarkdownUI;
		};
		A08168A02B8117AF008CDCD6 /* MarkdownUI */ = {
			isa = XCSwiftPackageProductDependency;
			package = A08168A12B8117AF008CDCD6 /* XCRemoteSwiftPackageReference "swift-markdown-ui" */;
			productName = MarkdownUI;
		};
/* End XCSwiftPackageProductDependency section */
	};
	rootObject = A0E960D12AF69CE6002C202A /* Project object */;
}
